
Microsoft Visual Studio Solution File, Format Version 12.00
# Visual Studio Version 17
VisualStudioVersion = 17.10.35122.118
MinimumVisualStudioVersion = 10.0.40219.1
Project("{FAE04EC0-301F-11D3-BF4B-00C04F79EFBC}") = "Blog.Core", "Blog.Core\Blog.Core.csproj", "{C6FEEAC6-A262-49D2-BE33-3FE0872CF4C9}"
EndProject
Project("{FAE04EC0-301F-11D3-BF4B-00C04F79EFBC}") = "Blog.Entity", "Blog.Entity\Blog.Entity.csproj", "{B841CEEC-B1F4-4A16-812C-027C100BC281}"
EndProject
Project("{FAE04EC0-301F-11D3-BF4B-00C04F79EFBC}") = "Blog.Service", "Blog.Service\Blog.Service.csproj", "{D6E72B36-A888-4C21-BA73-83C103801B4D}"
EndProject
Project("{FAE04EC0-301F-11D3-BF4B-00C04F79EFBC}") = "Blog.Web", "Blog.Web\Blog.Web.csproj", "{1BFB2D82-0327-41FA-BB1C-4BEB9B6A2158}"
EndProject
Project("{FAE04EC0-301F-11D3-BF4B-00C04F79EFBC}") = "Blog.Data", "Blog.Data\Blog.Data.csproj", "{434B61FD-797B-47CB-842A-551DD5133AE0}"
EndProject
Global
	GlobalSection(SolutionConfigurationPlatforms) = preSolution
		Debug|Any CPU = Debug|Any CPU
		Release|Any CPU = Release|Any CPU
	EndGlobalSection
	GlobalSection(ProjectConfigurationPlatforms) = postSolution
		{C6FEEAC6-A262-49D2-BE33-3FE0872CF4C9}.Debug|Any CPU.ActiveCfg = Debug|Any CPU
		{C6FEEAC6-A262-49D2-BE33-3FE0872CF4C9}.Debug|Any CPU.Build.0 = Debug|Any CPU
		{C6FEEAC6-A262-49D2-BE33-3FE0872CF4C9}.Release|Any CPU.ActiveCfg = Release|Any CPU
		{C6FEEAC6-A262-49D2-BE33-3FE0872CF4C9}.Release|Any CPU.Build.0 = Release|Any CPU
		{B841CEEC-B1F4-4A16-812C-027C100BC281}.Debug|Any CPU.ActiveCfg = Debug|Any CPU
		{B841CEEC-B1F4-4A16-812C-027C100BC281}.Debug|Any CPU.Build.0 = Debug|Any CPU
		{B841CEEC-B1F4-4A16-812C-027C100BC281}.Release|Any CPU.ActiveCfg = Release|Any CPU
		{B841CEEC-B1F4-4A16-812C-027C100BC281}.Release|Any CPU.Build.0 = Release|Any CPU
		{D6E72B36-A888-4C21-BA73-83C103801B4D}.Debug|Any CPU.ActiveCfg = Debug|Any CPU
		{D6E72B36-A888-4C21-BA73-83C103801B4D}.Debug|Any CPU.Build.0 = Debug|Any CPU
		{D6E72B36-A888-4C21-BA73-83C103801B4D}.Release|Any CPU.ActiveCfg = Release|Any CPU
		{D6E72B36-A888-4C21-BA73-83C103801B4D}.Release|Any CPU.Build.0 = Release|Any CPU
		{1BFB2D82-0327-41FA-BB1C-4BEB9B6A2158}.Debug|Any CPU.ActiveCfg = Debug|Any CPU
		{1BFB2D82-0327-41FA-BB1C-4BEB9B6A2158}.Debug|Any CPU.Build.0 = Debug|Any CPU
		{1BFB2D82-0327-41FA-BB1C-4BEB9B6A2158}.Release|Any CPU.ActiveCfg = Release|Any CPU
		{1BFB2D82-0327-41FA-BB1C-4BEB9B6A2158}.Release|Any CPU.Build.0 = Release|Any CPU
		{434B61FD-797B-47CB-842A-551DD5133AE0}.Debug|Any CPU.ActiveCfg = Debug|Any CPU
		{434B61FD-797B-47CB-842A-551DD5133AE0}.Debug|Any CPU.Build.0 = Debug|Any CPU
		{434B61FD-797B-47CB-842A-551DD5133AE0}.Release|Any CPU.ActiveCfg = Release|Any CPU
		{434B61FD-797B-47CB-842A-551DD5133AE0}.Release|Any CPU.Build.0 = Release|Any CPU
	EndGlobalSection
	GlobalSection(SolutionProperties) = preSolution
		HideSolutionNode = FALSE
	EndGlobalSection
	GlobalSection(ExtensibilityGlobals) = postSolution
		SolutionGuid = {0AA91B1E-C137-4A19-82B5-DC9DBCD8B0FF}
	EndGlobalSection
EndGlobal
